// !$*UTF8*$!
{
	archiveVersion = 1;
	classes = {
	};
	objectVersion = 48;
	objects = {

/* Begin PBXBuildFile section */
		A23D6D6B1EF5825D0043603F /* AppDelegate.m in Sources */ = {isa = PBXBuildFile; fileRef = A23D6D6A1EF5825D0043603F /* AppDelegate.m */; };
		A23D6D6E1EF5825D0043603F /* ViewController.m in Sources */ = {isa = PBXBuildFile; fileRef = A23D6D6D1EF5825D0043603F /* ViewController.m */; };
		A23D6D711EF5825D0043603F /* Main.storyboard in Resources */ = {isa = PBXBuildFile; fileRef = A23D6D6F1EF5825D0043603F /* Main.storyboard */; };
		A23D6D731EF5825D0043603F /* Assets.xcassets in Resources */ = {isa = PBXBuildFile; fileRef = A23D6D721EF5825D0043603F /* Assets.xcassets */; };
		A23D6D761EF5825D0043603F /* LaunchScreen.storyboard in Resources */ = {isa = PBXBuildFile; fileRef = A23D6D741EF5825D0043603F /* LaunchScreen.storyboard */; };
		A23D6D791EF5825D0043603F /* main.m in Sources */ = {isa = PBXBuildFile; fileRef = A23D6D781EF5825D0043603F /* main.m */; };
		B8F7DAC71EF75FBC00BD1AD5 /* Documentation.html in Resources */ = {isa = PBXBuildFile; fileRef = B8F7DAC21EF75FBC00BD1AD5 /* Documentation.html */; };
		B8F7DAC81EF75FBC00BD1AD5 /* GCDAsyncSocket.m in Sources */ = {isa = PBXBuildFile; fileRef = B8F7DAC41EF75FBC00BD1AD5 /* GCDAsyncSocket.m */; };
		B8F7DAC91EF75FBC00BD1AD5 /* GCDAsyncUdpSocket.m in Sources */ = {isa = PBXBuildFile; fileRef = B8F7DAC61EF75FBC00BD1AD5 /* GCDAsyncUdpSocket.m */; };
		B8F7DAF41EF760C000BD1AD5 /* SFWebServer.m in Sources */ = {isa = PBXBuildFile; fileRef = B8F7DAF31EF760C000BD1AD5 /* SFWebServer.m */; };
		B8F7DAF71EF7611300BD1AD5 /* SFWebServerRouter.m in Sources */ = {isa = PBXBuildFile; fileRef = B8F7DAF61EF7611300BD1AD5 /* SFWebServerRouter.m */; };
		B8F7DAFA1EF7614300BD1AD5 /* SFWebServerRespone.m in Sources */ = {isa = PBXBuildFile; fileRef = B8F7DAF91EF7614300BD1AD5 /* SFWebServerRespone.m */; };
		B8F7DAFD1EF7614D00BD1AD5 /* SFWebServerRequest.m in Sources */ = {isa = PBXBuildFile; fileRef = B8F7DAFC1EF7614D00BD1AD5 /* SFWebServerRequest.m */; };
		B8F7DAFF1EF766A900BD1AD5 /* udid.mobileconfig in Resources */ = {isa = PBXBuildFile; fileRef = B8F7DAFE1EF766A900BD1AD5 /* udid.mobileconfig */; };
/* End PBXBuildFile section */

/* Begin PBXFileReference section */
		A23D6D661EF5825D0043603F /* iOS-UDID-Safari.app */ = {isa = PBXFileReference; explicitFileType = wrapper.application; includeInIndex = 0; path = "iOS-UDID-Safari.app"; sourceTree = BUILT_PRODUCTS_DIR; };
		A23D6D691EF5825D0043603F /* AppDelegate.h */ = {isa = PBXFileReference; lastKnownFileType = sourcecode.c.h; path = AppDelegate.h; sourceTree = "<group>"; };
		A23D6D6A1EF5825D0043603F /* AppDelegate.m */ = {isa = PBXFileReference; lastKnownFileType = sourcecode.c.objc; path = AppDelegate.m; sourceTree = "<group>"; };
		A23D6D6C1EF5825D0043603F /* ViewController.h */ = {isa = PBXFileReference; lastKnownFileType = sourcecode.c.h; path = ViewController.h; sourceTree = "<group>"; };
		A23D6D6D1EF5825D0043603F /* ViewController.m */ = {isa = PBXFileReference; lastKnownFileType = sourcecode.c.objc; path = ViewController.m; sourceTree = "<group>"; };
		A23D6D701EF5825D0043603F /* Base */ = {isa = PBXFileReference; lastKnownFileType = file.storyboard; name = Base; path = Base.lproj/Main.storyboard; sourceTree = "<group>"; };
		A23D6D721EF5825D0043603F /* Assets.xcassets */ = {isa = PBXFileReference; lastKnownFileType = folder.assetcatalog; path = Assets.xcassets; sourceTree = "<group>"; };
		A23D6D751EF5825D0043603F /* Base */ = {isa = PBXFileReference; lastKnownFileType = file.storyboard; name = Base; path = Base.lproj/LaunchScreen.storyboard; sourceTree = "<group>"; };
		A23D6D771EF5825D0043603F /* Info.plist */ = {isa = PBXFileReference; lastKnownFileType = text.plist.xml; path = Info.plist; sourceTree = "<group>"; };
		A23D6D781EF5825D0043603F /* main.m */ = {isa = PBXFileReference; lastKnownFileType = sourcecode.c.objc; path = main.m; sourceTree = "<group>"; };
		B8F7DAC21EF75FBC00BD1AD5 /* Documentation.html */ = {isa = PBXFileReference; fileEncoding = 4; lastKnownFileType = text.html; path = Documentation.html; sourceTree = "<group>"; };
		B8F7DAC31EF75FBC00BD1AD5 /* GCDAsyncSocket.h */ = {isa = PBXFileReference; fileEncoding = 4; lastKnownFileType = sourcecode.c.h; path = GCDAsyncSocket.h; sourceTree = "<group>"; };
		B8F7DAC41EF75FBC00BD1AD5 /* GCDAsyncSocket.m */ = {isa = PBXFileReference; fileEncoding = 4; lastKnownFileType = sourcecode.c.objc; path = GCDAsyncSocket.m; sourceTree = "<group>"; };
		B8F7DAC51EF75FBC00BD1AD5 /* GCDAsyncUdpSocket.h */ = {isa = PBXFileReference; fileEncoding = 4; lastKnownFileType = sourcecode.c.h; path = GCDAsyncUdpSocket.h; sourceTree = "<group>"; };
		B8F7DAC61EF75FBC00BD1AD5 /* GCDAsyncUdpSocket.m */ = {isa = PBXFileReference; fileEncoding = 4; lastKnownFileType = sourcecode.c.objc; path = GCDAsyncUdpSocket.m; sourceTree = "<group>"; };
		B8F7DAF21EF760C000BD1AD5 /* SFWebServer.h */ = {isa = PBXFileReference; fileEncoding = 4; lastKnownFileType = sourcecode.c.h; path = SFWebServer.h; sourceTree = "<group>"; };
		B8F7DAF31EF760C000BD1AD5 /* SFWebServer.m */ = {isa = PBXFileReference; fileEncoding = 4; lastKnownFileType = sourcecode.c.objc; path = SFWebServer.m; sourceTree = "<group>"; };
		B8F7DAF51EF7611300BD1AD5 /* SFWebServerRouter.h */ = {isa = PBXFileReference; fileEncoding = 4; lastKnownFileType = sourcecode.c.h; path = SFWebServerRouter.h; sourceTree = "<group>"; };
		B8F7DAF61EF7611300BD1AD5 /* SFWebServerRouter.m */ = {isa = PBXFileReference; fileEncoding = 4; lastKnownFileType = sourcecode.c.objc; path = SFWebServerRouter.m; sourceTree = "<group>"; };
		B8F7DAF81EF7614300BD1AD5 /* SFWebServerRespone.h */ = {isa = PBXFileReference; fileEncoding = 4; lastKnownFileType = sourcecode.c.h; path = SFWebServerRespone.h; sourceTree = "<group>"; };
		B8F7DAF91EF7614300BD1AD5 /* SFWebServerRespone.m */ = {isa = PBXFileReference; fileEncoding = 4; lastKnownFileType = sourcecode.c.objc; path = SFWebServerRespone.m; sourceTree = "<group>"; };
		B8F7DAFB1EF7614D00BD1AD5 /* SFWebServerRequest.h */ = {isa = PBXFileReference; fileEncoding = 4; lastKnownFileType = sourcecode.c.h; path = SFWebServerRequest.h; sourceTree = "<group>"; };
		B8F7DAFC1EF7614D00BD1AD5 /* SFWebServerRequest.m */ = {isa = PBXFileReference; fileEncoding = 4; lastKnownFileType = sourcecode.c.objc; path = SFWebServerRequest.m; sourceTree = "<group>"; };
		B8F7DAFE1EF766A900BD1AD5 /* udid.mobileconfig */ = {isa = PBXFileReference; fileEncoding = 4; lastKnownFileType = text.xml; path = udid.mobileconfig; sourceTree = "<group>"; };
/* End PBXFileReference section */

/* Begin PBXFrameworksBuildPhase section */
		A23D6D631EF5825D0043603F /* Frameworks */ = {
			isa = PBXFrameworksBuildPhase;
			buildActionMask = 2147483647;
			files = (
			);
			runOnlyForDeploymentPostprocessing = 0;
		};
/* End PBXFrameworksBuildPhase section */

/* Begin PBXGroup section */
		A23D6D5D1EF5825D0043603F = {
			isa = PBXGroup;
			children = (
				A23D6D681EF5825D0043603F /* iOS-UDID-Safari */,
				A23D6D671EF5825D0043603F /* Products */,
			);
			sourceTree = "<group>";
		};
		A23D6D671EF5825D0043603F /* Products */ = {
			isa = PBXGroup;
			children = (
				A23D6D661EF5825D0043603F /* iOS-UDID-Safari.app */,
			);
			name = Products;
			sourceTree = "<group>";
		};
		A23D6D681EF5825D0043603F /* iOS-UDID-Safari */ = {
			isa = PBXGroup;
			children = (
				A23D6D7F1EF5826F0043603F /* Vendor */,
				A23D6D691EF5825D0043603F /* AppDelegate.h */,
				A23D6D6A1EF5825D0043603F /* AppDelegate.m */,
				A23D6D6C1EF5825D0043603F /* ViewController.h */,
				A23D6D6D1EF5825D0043603F /* ViewController.m */,
				B8F7DAFE1EF766A900BD1AD5 /* udid.mobileconfig */,
				A23D6D6F1EF5825D0043603F /* Main.storyboard */,
				A23D6D721EF5825D0043603F /* Assets.xcassets */,
				A23D6D741EF5825D0043603F /* LaunchScreen.storyboard */,
				A23D6D771EF5825D0043603F /* Info.plist */,
				A23D6D781EF5825D0043603F /* main.m */,
			);
			path = "iOS-UDID-Safari";
			sourceTree = "<group>";
		};
		A23D6D7F1EF5826F0043603F /* Vendor */ = {
			isa = PBXGroup;
			children = (
				B8F7DAF11EF7607C00BD1AD5 /* SFWebServer */,
				B8F7DAC11EF75FBC00BD1AD5 /* CocoaAsyncSocket */,
			);
			name = Vendor;
			path = "../../../../iOS-Debug-Database/SFDebugDB/Vendor";
			sourceTree = "<group>";
		};
		B8F7DAC11EF75FBC00BD1AD5 /* CocoaAsyncSocket */ = {
			isa = PBXGroup;
			children = (
				B8F7DAC21EF75FBC00BD1AD5 /* Documentation.html */,
				B8F7DAC31EF75FBC00BD1AD5 /* GCDAsyncSocket.h */,
				B8F7DAC41EF75FBC00BD1AD5 /* GCDAsyncSocket.m */,
				B8F7DAC51EF75FBC00BD1AD5 /* GCDAsyncUdpSocket.h */,
				B8F7DAC61EF75FBC00BD1AD5 /* GCDAsyncUdpSocket.m */,
			);
			name = CocoaAsyncSocket;
			path = "iOS-UDID-Safari/Vendor/CocoaAsyncSocket";
			sourceTree = SOURCE_ROOT;
		};
		B8F7DAF11EF7607C00BD1AD5 /* SFWebServer */ = {
			isa = PBXGroup;
			children = (
				B8F7DAF21EF760C000BD1AD5 /* SFWebServer.h */,
				B8F7DAF31EF760C000BD1AD5 /* SFWebServer.m */,
				B8F7DAF51EF7611300BD1AD5 /* SFWebServerRouter.h */,
				B8F7DAF61EF7611300BD1AD5 /* SFWebServerRouter.m */,
				B8F7DAF81EF7614300BD1AD5 /* SFWebServerRespone.h */,
				B8F7DAF91EF7614300BD1AD5 /* SFWebServerRespone.m */,
				B8F7DAFB1EF7614D00BD1AD5 /* SFWebServerRequest.h */,
				B8F7DAFC1EF7614D00BD1AD5 /* SFWebServerRequest.m */,
			);
			name = SFWebServer;
			path = "iOS-UDID-Safari/Vendor/SFWebServer";
			sourceTree = SOURCE_ROOT;
		};
/* End PBXGroup section */

/* Begin PBXNativeTarget section */
		A23D6D651EF5825D0043603F /* iOS-UDID-Safari */ = {
			isa = PBXNativeTarget;
			buildConfigurationList = A23D6D7C1EF5825D0043603F /* Build configuration list for PBXNativeTarget "iOS-UDID-Safari" */;
			buildPhases = (
				A23D6D621EF5825D0043603F /* Sources */,
				A23D6D631EF5825D0043603F /* Frameworks */,
				A23D6D641EF5825D0043603F /* Resources */,
			);
			buildRules = (
			);
			dependencies = (
			);
			name = "iOS-UDID-Safari";
			productName = "iOS-UDID-Safari";
			productReference = A23D6D661EF5825D0043603F /* iOS-UDID-Safari.app */;
			productType = "com.apple.product-type.application";
		};
/* End PBXNativeTarget section */

/* Begin PBXProject section */
		A23D6D5E1EF5825D0043603F /* Project object */ = {
			isa = PBXProject;
			attributes = {
				LastUpgradeCheck = 0900;
				ORGANIZATIONNAME = Jakey;
				TargetAttributes = {
					A23D6D651EF5825D0043603F = {
						CreatedOnToolsVersion = 9.0;
						ProvisioningStyle = Manual;
					};
				};
			};
			buildConfigurationList = A23D6D611EF5825D0043603F /* Build configuration list for PBXProject "iOS-UDID-Safari" */;
			compatibilityVersion = "Xcode 8.0";
			developmentRegion = en;
			hasScannedForEncodings = 0;
			knownRegions = (
				en,
				Base,
			);
			mainGroup = A23D6D5D1EF5825D0043603F;
			productRefGroup = A23D6D671EF5825D0043603F /* Products */;
			projectDirPath = "";
			projectRoot = "";
			targets = (
				A23D6D651EF5825D0043603F /* iOS-UDID-Safari */,
			);
		};
/* End PBXProject section */

/* Begin PBXResourcesBuildPhase section */
		A23D6D641EF5825D0043603F /* Resources */ = {
			isa = PBXResourcesBuildPhase;
			buildActionMask = 2147483647;
			files = (
				A23D6D761EF5825D0043603F /* LaunchScreen.storyboard in Resources */,
				B8F7DAFF1EF766A900BD1AD5 /* udid.mobileconfig in Resources */,
				A23D6D731EF5825D0043603F /* Assets.xcassets in Resources */,
				A23D6D711EF5825D0043603F /* Main.storyboard in Resources */,
				B8F7DAC71EF75FBC00BD1AD5 /* Documentation.html in Resources */,
			);
			runOnlyForDeploymentPostprocessing = 0;
		};
/* End PBXResourcesBuildPhase section */

/* Begin PBXSourcesBuildPhase section */
		A23D6D621EF5825D0043603F /* Sources */ = {
			isa = PBXSourcesBuildPhase;
			buildActionMask = 2147483647;
			files = (
				B8F7DAFD1EF7614D00BD1AD5 /* SFWebServerRequest.m in Sources */,
				B8F7DAF41EF760C000BD1AD5 /* SFWebServer.m in Sources */,
				B8F7DAFA1EF7614300BD1AD5 /* SFWebServerRespone.m in Sources */,
				B8F7DAC81EF75FBC00BD1AD5 /* GCDAsyncSocket.m in Sources */,
				B8F7DAC91EF75FBC00BD1AD5 /* GCDAsyncUdpSocket.m in Sources */,
				A23D6D6E1EF5825D0043603F /* ViewController.m in Sources */,
				A23D6D791EF5825D0043603F /* main.m in Sources */,
				A23D6D6B1EF5825D0043603F /* AppDelegate.m in Sources */,
				B8F7DAF71EF7611300BD1AD5 /* SFWebServerRouter.m in Sources */,
			);
			runOnlyForDeploymentPostprocessing = 0;
		};
/* End PBXSourcesBuildPhase section */

/* Begin PBXVariantGroup section */
		A23D6D6F1EF5825D0043603F /* Main.storyboard */ = {
			isa = PBXVariantGroup;
			children = (
				A23D6D701EF5825D0043603F /* Base */,
			);
			name = Main.storyboard;
			sourceTree = "<group>";
		};
		A23D6D741EF5825D0043603F /* LaunchScreen.storyboard */ = {
			isa = PBXVariantGroup;
			children = (
				A23D6D751EF5825D0043603F /* Base */,
			);
			name = LaunchScreen.storyboard;
			sourceTree = "<group>";
		};
/* End PBXVariantGroup section */

/* Begin XCBuildConfiguration section */
		A23D6D7A1EF5825D0043603F /* Debug */ = {
			isa = XCBuildConfiguration;
			buildSettings = {
				ALWAYS_SEARCH_USER_PATHS = NO;
				CLANG_ANALYZER_NONNULL = YES;
				CLANG_ANALYZER_NUMBER_OBJECT_CONVERSION = YES_AGGRESSIVE;
				CLANG_CXX_LANGUAGE_STANDARD = "gnu++14";
				CLANG_CXX_LIBRARY = "libc++";
				CLANG_ENABLE_MODULES = YES;
				CLANG_ENABLE_OBJC_ARC = YES;
				CLANG_WARN_BLOCK_CAPTURE_AUTORELEASING = YES;
				CLANG_WARN_BOOL_CONVERSION = YES;
				CLANG_WARN_COMMA = YES;
				CLANG_WARN_CONSTANT_CONVERSION = YES;
				CLANG_WARN_DIRECT_OBJC_ISA_USAGE = YES_ERROR;
				CLANG_WARN_DOCUMENTATION_COMMENTS = YES;
				CLANG_WARN_EMPTY_BODY = YES;
				CLANG_WARN_ENUM_CONVERSION = YES;
				CLANG_WARN_INFINITE_RECURSION = YES;
				CLANG_WARN_INT_CONVERSION = YES;
				CLANG_WARN_OBJC_ROOT_CLASS = YES_ERROR;
				CLANG_WARN_RANGE_LOOP_ANALYSIS = YES;
				CLANG_WARN_STRICT_PROTOTYPES = YES;
				CLANG_WARN_SUSPICIOUS_MOVE = YES;
				CLANG_WARN_UNGUARDED_AVAILABILITY = YES_AGGRESSIVE;
				CLANG_WARN_UNREACHABLE_CODE = YES;
				CLANG_WARN__DUPLICATE_METHOD_MATCH = YES;
				CODE_SIGN_IDENTITY = "iPhone Developer";
				COPY_PHASE_STRIP = NO;
				DEBUG_INFORMATION_FORMAT = dwarf;
				ENABLE_STRICT_OBJC_MSGSEND = YES;
				ENABLE_TESTABILITY = YES;
				GCC_C_LANGUAGE_STANDARD = gnu11;
				GCC_DYNAMIC_NO_PIC = NO;
				GCC_NO_COMMON_BLOCKS = YES;
				GCC_OPTIMIZATION_LEVEL = 0;
				GCC_PREPROCESSOR_DEFINITIONS = (
					"DEBUG=1",
					"$(inherited)",
				);
				GCC_WARN_64_TO_32_BIT_CONVERSION = YES;
				GCC_WARN_ABOUT_RETURN_TYPE = YES_ERROR;
				GCC_WARN_UNDECLARED_SELECTOR = YES;
				GCC_WARN_UNINITIALIZED_AUTOS = YES_AGGRESSIVE;
				GCC_WARN_UNUSED_FUNCTION = YES;
				GCC_WARN_UNUSED_VARIABLE = YES;
				IPHONEOS_DEPLOYMENT_TARGET = 9.0;
				MTL_ENABLE_DEBUG_INFO = YES;
				ONLY_ACTIVE_ARCH = YES;
				SDKROOT = iphoneos;
			};
			name = Debug;
		};
		A23D6D7B1EF5825D0043603F /* Release */ = {
			isa = XCBuildConfiguration;
			buildSettings = {
				ALWAYS_SEARCH_USER_PATHS = NO;
				CLANG_ANALYZER_NONNULL = YES;
				CLANG_ANALYZER_NUMBER_OBJECT_CONVERSION = YES_AGGRESSIVE;
				CLANG_CXX_LANGUAGE_STANDARD = "gnu++14";
				CLANG_CXX_LIBRARY = "libc++";
				CLANG_ENABLE_MODULES = YES;
				CLANG_ENABLE_OBJC_ARC = YES;
				CLANG_WARN_BLOCK_CAPTURE_AUTORELEASING = YES;
				CLANG_WARN_BOOL_CONVERSION = YES;
				CLANG_WARN_COMMA = YES;
				CLANG_WARN_CONSTANT_CONVERSION = YES;
				CLANG_WARN_DIRECT_OBJC_ISA_USAGE = YES_ERROR;
				CLANG_WARN_DOCUMENTATION_COMMENTS = YES;
				CLANG_WARN_EMPTY_BODY = YES;
				CLANG_WARN_ENUM_CONVERSION = YES;
				CLANG_WARN_INFINITE_RECURSION = YES;
				CLANG_WARN_INT_CONVERSION = YES;
				CLANG_WARN_OBJC_ROOT_CLASS = YES_ERROR;
				CLANG_WARN_RANGE_LOOP_ANALYSIS = YES;
				CLANG_WARN_STRICT_PROTOTYPES = YES;
				CLANG_WARN_SUSPICIOUS_MOVE = YES;
				CLANG_WARN_UNGUARDED_AVAILABILITY = YES_AGGRESSIVE;
				CLANG_WARN_UNREACHABLE_CODE = YES;
				CLANG_WARN__DUPLICATE_METHOD_MATCH = YES;
				CODE_SIGN_IDENTITY = "iPhone Developer";
				COPY_PHASE_STRIP = NO;
				DEBUG_INFORMATION_FORMAT = "dwarf-with-dsym";
				ENABLE_NS_ASSERTIONS = NO;
				ENABLE_STRICT_OBJC_MSGSEND = YES;
				GCC_C_LANGUAGE_STANDARD = gnu11;
				GCC_NO_COMMON_BLOCKS = YES;
				GCC_WARN_64_TO_32_BIT_CONVERSION = YES;
				GCC_WARN_ABOUT_RETURN_TYPE = YES_ERROR;
				GCC_WARN_UNDECLARED_SELECTOR = YES;
				GCC_WARN_UNINITIALIZED_AUTOS = YES_AGGRESSIVE;
				GCC_WARN_UNUSED_FUNCTION = YES;
				GCC_WARN_UNUSED_VARIABLE = YES;
				IPHONEOS_DEPLOYMENT_TARGET = 9.0;
				MTL_ENABLE_DEBUG_INFO = NO;
				SDKROOT = iphoneos;
				VALIDATE_PRODUCT = YES;
			};
			name = Release;
		};
		A23D6D7D1EF5825D0043603F /* Debug */ = {
			isa = XCBuildConfiguration;
			buildSettings = {
				ASSETCATALOG_COMPILER_APPICON_NAME = AppIcon;
				CODE_SIGN_IDENTITY = "iPhone Developer: dawei huo (WJ9S9624T3)";
				CODE_SIGN_STYLE = Manual;
				DEVELOPMENT_TEAM = 5DAQZBEM3P;
				INFOPLIST_FILE = "iOS-UDID-Safari/Info.plist";
				IPHONEOS_DEPLOYMENT_TARGET = 8.0;
				LD_RUNPATH_SEARCH_PATHS = "$(inherited) @executable_path/Frameworks";
				PRODUCT_BUNDLE_IDENTIFIER = "org.skyfox.iOS-UDID-Safari-Test";
				PRODUCT_NAME = "$(TARGET_NAME)";
				PROVISIONING_PROFILE_SPECIFIER = Roirain_Development;
				TARGETED_DEVICE_FAMILY = "1,2";
			};
			name = Debug;
		};
		A23D6D7E1EF5825D0043603F /* Release */ = {
			isa = XCBuildConfiguration;
			buildSettings = {
				ASSETCATALOG_COMPILER_APPICON_NAME = AppIcon;
				CODE_SIGN_IDENTITY = "iPhone Developer: dawei huo (WJ9S9624T3)";
				CODE_SIGN_STYLE = Manual;
				DEVELOPMENT_TEAM = "";
				INFOPLIST_FILE = "iOS-UDID-Safari/Info.plist";
				IPHONEOS_DEPLOYMENT_TARGET = 8.0;
				LD_RUNPATH_SEARCH_PATHS = "$(inherited) @executable_path/Frameworks";
				PRODUCT_BUNDLE_IDENTIFIER = "org.skyfox.iOS-UDID-Safari-Test";
				PRODUCT_NAME = "$(TARGET_NAME)";
				PROVISIONING_PROFILE_SPECIFIER = Roirain_Development;
				TARGETED_DEVICE_FAMILY = "1,2";
			};
			name = Release;
		};
/* End XCBuildConfiguration section */

/* Begin XCConfigurationList section */
		A23D6D611EF5825D0043603F /* Build configuration list for PBXProject "iOS-UDID-Safari" */ = {
			isa = XCConfigurationList;
			buildConfigurations = (
				A23D6D7A1EF5825D0043603F /* Debug */,
				A23D6D7B1EF5825D0043603F /* Release */,
			);
			defaultConfigurationIsVisible = 0;
			defaultConfigurationName = Release;
		};
		A23D6D7C1EF5825D0043603F /* Build configuration list for PBXNativeTarget "iOS-UDID-Safari" */ = {
			isa = XCConfigurationList;
			buildConfigurations = (
				A23D6D7D1EF5825D0043603F /* Debug */,
				A23D6D7E1EF5825D0043603F /* Release */,
			);
			defaultConfigurationIsVisible = 0;
			defaultConfigurationName = Release;
		};
/* End XCConfigurationList section */
	};
	rootObject = A23D6D5E1EF5825D0043603F /* Project object */;
}
